
Microsoft Visual Studio Solution File, Format Version 12.00
# Visual Studio Version 17
VisualStudioVersion = 17.11.35208.52
MinimumVisualStudioVersion = 10.0.40219.1
Project("{FAE04EC0-301F-11D3-BF4B-00C04F79EFBC}") = "PurchaseLoaderApp", "PurchaseLoaderApp\PurchaseLoaderApp.csproj", "{3AD57C5C-E4F5-40B8-AFA0-EF8EEF657A17}"
EndProject
Global
	GlobalSection(SolutionConfigurationPlatforms) = preSolution
		Debug|Any CPU = Debug|Any CPU
		Release|Any CPU = Release|Any CPU
	EndGlobalSection
	GlobalSection(ProjectConfigurationPlatforms) = postSolution
		{3AD57C5C-E4F5-40B8-AFA0-EF8EEF657A17}.Debug|Any CPU.ActiveCfg = Debug|Any CPU
		{3AD57C5C-E4F5-40B8-AFA0-EF8EEF657A17}.Debug|Any CPU.Build.0 = Debug|Any CPU
		{3AD57C5C-E4F5-40B8-AFA0-EF8EEF657A17}.Release|Any CPU.ActiveCfg = Release|Any CPU
		{3AD57C5C-E4F5-40B8-AFA0-EF8EEF657A17}.Release|Any CPU.Build.0 = Release|Any CPU
	EndGlobalSection
	GlobalSection(SolutionProperties) = preSolution
		HideSolutionNode = FALSE
	EndGlobalSection
	GlobalSection(ExtensibilityGlobals) = postSolution
		SolutionGuid = {4E0AC851-3CBC-4077-82C2-B8DAF2750290}
	EndGlobalSection
EndGlobal
